// !$*UTF8*$!
{
	archiveVersion = 1;
	classes = {
	};
	objectVersion = 51;
	objects = {

/* Begin PBXBuildFile section */
		3A36F8FF40A20331D72AC0B5 /* Pods_Onboarding.framework in Frameworks */ = {isa = PBXBuildFile; fileRef = 3DEB5D2267A103C8C8C1FA04 /* Pods_Onboarding.framework */; };
		9FFBCA3824C82F1F00C39726 /* AppDelegate.swift in Sources */ = {isa = PBXBuildFile; fileRef = 9FFBCA3724C82F1F00C39726 /* AppDelegate.swift */; };
		9FFBCA3A24C82F1F00C39726 /* SceneDelegate.swift in Sources */ = {isa = PBXBuildFile; fileRef = 9FFBCA3924C82F1F00C39726 /* SceneDelegate.swift */; };
		9FFBCA3C24C82F1F00C39726 /* WelcomeViewController.swift in Sources */ = {isa = PBXBuildFile; fileRef = 9FFBCA3B24C82F1F00C39726 /* WelcomeViewController.swift */; };
		9FFBCA3F24C82F1F00C39726 /* Main.storyboard in Resources */ = {isa = PBXBuildFile; fileRef = 9FFBCA3D24C82F1F00C39726 /* Main.storyboard */; };
		9FFBCA4124C82F2000C39726 /* Assets.xcassets in Resources */ = {isa = PBXBuildFile; fileRef = 9FFBCA4024C82F2000C39726 /* Assets.xcassets */; };
		9FFBCA4424C82F2000C39726 /* LaunchScreen.storyboard in Resources */ = {isa = PBXBuildFile; fileRef = 9FFBCA4224C82F2000C39726 /* LaunchScreen.storyboard */; };
		9FFBCA4F24C8369000C39726 /* archer.json in Resources */ = {isa = PBXBuildFile; fileRef = 9FFBCA4C24C8369000C39726 /* archer.json */; };
		9FFBCA5024C8369000C39726 /* welcome.json in Resources */ = {isa = PBXBuildFile; fileRef = 9FFBCA4D24C8369000C39726 /* welcome.json */; };
		9FFBCA5124C8369000C39726 /* teaching.json in Resources */ = {isa = PBXBuildFile; fileRef = 9FFBCA4E24C8369000C39726 /* teaching.json */; };
		9FFBCA5424C83A7600C39726 /* OnboardingCollectionViewCell.swift in Sources */ = {isa = PBXBuildFile; fileRef = 9FFBCA5224C83A7600C39726 /* OnboardingCollectionViewCell.swift */; };
		9FFBCA5524C83A7600C39726 /* OnboardingCollectionViewCell.xib in Resources */ = {isa = PBXBuildFile; fileRef = 9FFBCA5324C83A7600C39726 /* OnboardingCollectionViewCell.xib */; };
		9FFBCA5724C83C5300C39726 /* CollectionViewCell.swift in Sources */ = {isa = PBXBuildFile; fileRef = 9FFBCA5624C83C5300C39726 /* CollectionViewCell.swift */; };
		9FFBCA5A24C84BA100C39726 /* ViewController.swift in Sources */ = {isa = PBXBuildFile; fileRef = 9FFBCA5924C84BA100C39726 /* ViewController.swift */; };
/* End PBXBuildFile section */

/* Begin PBXFileReference section */
		3DEB5D2267A103C8C8C1FA04 /* Pods_Onboarding.framework */ = {isa = PBXFileReference; explicitFileType = wrapper.framework; includeInIndex = 0; path = Pods_Onboarding.framework; sourceTree = BUILT_PRODUCTS_DIR; };
		9FFBCA3424C82F1F00C39726 /* Onboarding.app */ = {isa = PBXFileReference; explicitFileType = wrapper.application; includeInIndex = 0; path = Onboarding.app; sourceTree = BUILT_PRODUCTS_DIR; };
		9FFBCA3724C82F1F00C39726 /* AppDelegate.swift */ = {isa = PBXFileReference; lastKnownFileType = sourcecode.swift; path = AppDelegate.swift; sourceTree = "<group>"; };
		9FFBCA3924C82F1F00C39726 /* SceneDelegate.swift */ = {isa = PBXFileReference; lastKnownFileType = sourcecode.swift; path = SceneDelegate.swift; sourceTree = "<group>"; };
		9FFBCA3B24C82F1F00C39726 /* WelcomeViewController.swift */ = {isa = PBXFileReference; lastKnownFileType = sourcecode.swift; path = WelcomeViewController.swift; sourceTree = "<group>"; };
		9FFBCA3E24C82F1F00C39726 /* Base */ = {isa = PBXFileReference; lastKnownFileType = file.storyboard; name = Base; path = Base.lproj/Main.storyboard; sourceTree = "<group>"; };
		9FFBCA4024C82F2000C39726 /* Assets.xcassets */ = {isa = PBXFileReference; lastKnownFileType = folder.assetcatalog; path = Assets.xcassets; sourceTree = "<group>"; };
		9FFBCA4324C82F2000C39726 /* Base */ = {isa = PBXFileReference; lastKnownFileType = file.storyboard; name = Base; path = Base.lproj/LaunchScreen.storyboard; sourceTree = "<group>"; };
		9FFBCA4524C82F2000C39726 /* Info.plist */ = {isa = PBXFileReference; lastKnownFileType = text.plist.xml; path = Info.plist; sourceTree = "<group>"; };
		9FFBCA4C24C8369000C39726 /* archer.json */ = {isa = PBXFileReference; fileEncoding = 4; lastKnownFileType = text.json; path = archer.json; sourceTree = "<group>"; };
		9FFBCA4D24C8369000C39726 /* welcome.json */ = {isa = PBXFileReference; fileEncoding = 4; lastKnownFileType = text.json; path = welcome.json; sourceTree = "<group>"; };
		9FFBCA4E24C8369000C39726 /* teaching.json */ = {isa = PBXFileReference; fileEncoding = 4; lastKnownFileType = text.json; path = teaching.json; sourceTree = "<group>"; };
		9FFBCA5224C83A7600C39726 /* OnboardingCollectionViewCell.swift */ = {isa = PBXFileReference; lastKnownFileType = sourcecode.swift; path = OnboardingCollectionViewCell.swift; sourceTree = "<group>"; };
		9FFBCA5324C83A7600C39726 /* OnboardingCollectionViewCell.xib */ = {isa = PBXFileReference; lastKnownFileType = file.xib; path = OnboardingCollectionViewCell.xib; sourceTree = "<group>"; };
		9FFBCA5624C83C5300C39726 /* CollectionViewCell.swift */ = {isa = PBXFileReference; lastKnownFileType = sourcecode.swift; path = CollectionViewCell.swift; sourceTree = "<group>"; };
		9FFBCA5924C84BA100C39726 /* ViewController.swift */ = {isa = PBXFileReference; lastKnownFileType = sourcecode.swift; path = ViewController.swift; sourceTree = "<group>"; };
		B63A7E2BA6F30DC356694899 /* Pods-Onboarding.release.xcconfig */ = {isa = PBXFileReference; includeInIndex = 1; lastKnownFileType = text.xcconfig; name = "Pods-Onboarding.release.xcconfig"; path = "Target Support Files/Pods-Onboarding/Pods-Onboarding.release.xcconfig"; sourceTree = "<group>"; };
		CA126975D08DF75615433B62 /* Pods-Onboarding.debug.xcconfig */ = {isa = PBXFileReference; includeInIndex = 1; lastKnownFileType = text.xcconfig; name = "Pods-Onboarding.debug.xcconfig"; path = "Target Support Files/Pods-Onboarding/Pods-Onboarding.debug.xcconfig"; sourceTree = "<group>"; };
/* End PBXFileReference section */

/* Begin PBXFrameworksBuildPhase section */
		9FFBCA3124C82F1F00C39726 /* Frameworks */ = {
			isa = PBXFrameworksBuildPhase;
			buildActionMask = 2147483647;
			files = (
				3A36F8FF40A20331D72AC0B5 /* Pods_Onboarding.framework in Frameworks */,
			);
			runOnlyForDeploymentPostprocessing = 0;
		};
/* End PBXFrameworksBuildPhase section */

/* Begin PBXGroup section */
		17F63E52939E34037F2F4D6B /* Frameworks */ = {
			isa = PBXGroup;
			children = (
				3DEB5D2267A103C8C8C1FA04 /* Pods_Onboarding.framework */,
			);
			name = Frameworks;
			sourceTree = "<group>";
		};
		9FFBCA2B24C82F1F00C39726 = {
			isa = PBXGroup;
			children = (
				9FFBCA3624C82F1F00C39726 /* Onboarding */,
				9FFBCA4B24C8366F00C39726 /* Lottie */,
				9FFBCA3524C82F1F00C39726 /* Products */,
				C5C7C3E8395915628C38004D /* Pods */,
				17F63E52939E34037F2F4D6B /* Frameworks */,
			);
			sourceTree = "<group>";
		};
		9FFBCA3524C82F1F00C39726 /* Products */ = {
			isa = PBXGroup;
			children = (
				9FFBCA3424C82F1F00C39726 /* Onboarding.app */,
			);
			name = Products;
			sourceTree = "<group>";
		};
		9FFBCA3624C82F1F00C39726 /* Onboarding */ = {
			isa = PBXGroup;
			children = (
				9FFBCA5824C84B6A00C39726 /* WelcomeView */,
				9FFBCA3724C82F1F00C39726 /* AppDelegate.swift */,
				9FFBCA3924C82F1F00C39726 /* SceneDelegate.swift */,
				9FFBCA3D24C82F1F00C39726 /* Main.storyboard */,
				9FFBCA4024C82F2000C39726 /* Assets.xcassets */,
				9FFBCA4224C82F2000C39726 /* LaunchScreen.storyboard */,
				9FFBCA4524C82F2000C39726 /* Info.plist */,
				9FFBCA5924C84BA100C39726 /* ViewController.swift */,
			);
			path = Onboarding;
			sourceTree = "<group>";
		};
		9FFBCA4B24C8366F00C39726 /* Lottie */ = {
			isa = PBXGroup;
			children = (
				9FFBCA4C24C8369000C39726 /* archer.json */,
				9FFBCA4E24C8369000C39726 /* teaching.json */,
				9FFBCA4D24C8369000C39726 /* welcome.json */,
			);
			path = Lottie;
			sourceTree = "<group>";
		};
		9FFBCA5824C84B6A00C39726 /* WelcomeView */ = {
			isa = PBXGroup;
			children = (
				9FFBCA3B24C82F1F00C39726 /* WelcomeViewController.swift */,
				9FFBCA5224C83A7600C39726 /* OnboardingCollectionViewCell.swift */,
				9FFBCA5324C83A7600C39726 /* OnboardingCollectionViewCell.xib */,
				9FFBCA5624C83C5300C39726 /* CollectionViewCell.swift */,
			);
			path = WelcomeView;
			sourceTree = "<group>";
		};
		C5C7C3E8395915628C38004D /* Pods */ = {
			isa = PBXGroup;
			children = (
				CA126975D08DF75615433B62 /* Pods-Onboarding.debug.xcconfig */,
				B63A7E2BA6F30DC356694899 /* Pods-Onboarding.release.xcconfig */,
			);
			path = Pods;
			sourceTree = "<group>";
		};
/* End PBXGroup section */

/* Begin PBXNativeTarget section */
		9FFBCA3324C82F1F00C39726 /* Onboarding */ = {
			isa = PBXNativeTarget;
			buildConfigurationList = 9FFBCA4824C82F2000C39726 /* Build configuration list for PBXNativeTarget "Onboarding" */;
			buildPhases = (
				C1EB66B4DC5BD64D18A5E818 /* [CP] Check Pods Manifest.lock */,
				9FFBCA3024C82F1F00C39726 /* Sources */,
				9FFBCA3124C82F1F00C39726 /* Frameworks */,
				9FFBCA3224C82F1F00C39726 /* Resources */,
				F2C537C701A82530F10BB25E /* [CP] Embed Pods Frameworks */,
			);
			buildRules = (
			);
			dependencies = (
			);
			name = Onboarding;
			productName = Onboarding;
			productReference = 9FFBCA3424C82F1F00C39726 /* Onboarding.app */;
			productType = "com.apple.product-type.application";
		};
/* End PBXNativeTarget section */

/* Begin PBXProject section */
		9FFBCA2C24C82F1F00C39726 /* Project object */ = {
			isa = PBXProject;
			attributes = {
				LastSwiftUpdateCheck = 1140;
				LastUpgradeCheck = 1140;
				ORGANIZATIONNAME = "Akhadjon Abdukhalilov";
				TargetAttributes = {
					9FFBCA3324C82F1F00C39726 = {
						CreatedOnToolsVersion = 11.4;
					};
				};
			};
			buildConfigurationList = 9FFBCA2F24C82F1F00C39726 /* Build configuration list for PBXProject "Onboarding" */;
			compatibilityVersion = "Xcode 9.3";
			developmentRegion = en;
			hasScannedForEncodings = 0;
			knownRegions = (
				en,
				Base,
			);
			mainGroup = 9FFBCA2B24C82F1F00C39726;
			productRefGroup = 9FFBCA3524C82F1F00C39726 /* Products */;
			projectDirPath = "";
			projectRoot = "";
			targets = (
				9FFBCA3324C82F1F00C39726 /* Onboarding */,
			);
		};
/* End PBXProject section */

/* Begin PBXResourcesBuildPhase section */
		9FFBCA3224C82F1F00C39726 /* Resources */ = {
			isa = PBXResourcesBuildPhase;
			buildActionMask = 2147483647;
			files = (
				9FFBCA5124C8369000C39726 /* teaching.json in Resources */,
				9FFBCA4F24C8369000C39726 /* archer.json in Resources */,
				9FFBCA4424C82F2000C39726 /* LaunchScreen.storyboard in Resources */,
				9FFBCA4124C82F2000C39726 /* Assets.xcassets in Resources */,
				9FFBCA5524C83A7600C39726 /* OnboardingCollectionViewCell.xib in Resources */,
				9FFBCA3F24C82F1F00C39726 /* Main.storyboard in Resources */,
				9FFBCA5024C8369000C39726 /* welcome.json in Resources */,
			);
			runOnlyForDeploymentPostprocessing = 0;
		};
/* End PBXResourcesBuildPhase section */

/* Begin PBXShellScriptBuildPhase section */
		C1EB66B4DC5BD64D18A5E818 /* [CP] Check Pods Manifest.lock */ = {
			isa = PBXShellScriptBuildPhase;
			buildActionMask = 2147483647;
			files = (
			);
			inputFileListPaths = (
			);
			inputPaths = (
				"${PODS_PODFILE_DIR_PATH}/Podfile.lock",
				"${PODS_ROOT}/Manifest.lock",
			);
			name = "[CP] Check Pods Manifest.lock";
			outputFileListPaths = (
			);
			outputPaths = (
				"$(DERIVED_FILE_DIR)/Pods-Onboarding-checkManifestLockResult.txt",
			);
			runOnlyForDeploymentPostprocessing = 0;
			shellPath = /bin/sh;
			shellScript = "diff \"${PODS_PODFILE_DIR_PATH}/Podfile.lock\" \"${PODS_ROOT}/Manifest.lock\" > /dev/null\nif [ $? != 0 ] ; then\n    # print error to STDERR\n    echo \"error: The sandbox is not in sync with the Podfile.lock. Run 'pod install' or update your CocoaPods installation.\" >&2\n    exit 1\nfi\n# This output is used by Xcode 'outputs' to avoid re-running this script phase.\necho \"SUCCESS\" > \"${SCRIPT_OUTPUT_FILE_0}\"\n";
			showEnvVarsInLog = 0;
		};
		F2C537C701A82530F10BB25E /* [CP] Embed Pods Frameworks */ = {
			isa = PBXShellScriptBuildPhase;
			buildActionMask = 2147483647;
			files = (
			);
			inputFileListPaths = (
				"${PODS_ROOT}/Target Support Files/Pods-Onboarding/Pods-Onboarding-frameworks-${CONFIGURATION}-input-files.xcfilelist",
			);
			name = "[CP] Embed Pods Frameworks";
			outputFileListPaths = (
				"${PODS_ROOT}/Target Support Files/Pods-Onboarding/Pods-Onboarding-frameworks-${CONFIGURATION}-output-files.xcfilelist",
			);
			runOnlyForDeploymentPostprocessing = 0;
			shellPath = /bin/sh;
			shellScript = "\"${PODS_ROOT}/Target Support Files/Pods-Onboarding/Pods-Onboarding-frameworks.sh\"\n";
			showEnvVarsInLog = 0;
		};
/* End PBXShellScriptBuildPhase section */

/* Begin PBXSourcesBuildPhase section */
		9FFBCA3024C82F1F00C39726 /* Sources */ = {
			isa = PBXSourcesBuildPhase;
			buildActionMask = 2147483647;
			files = (
				9FFBCA5A24C84BA100C39726 /* ViewController.swift in Sources */,
				9FFBCA5724C83C5300C39726 /* CollectionViewCell.swift in Sources */,
				9FFBCA3C24C82F1F00C39726 /* WelcomeViewController.swift in Sources */,
				9FFBCA3824C82F1F00C39726 /* AppDelegate.swift in Sources */,
				9FFBCA3A24C82F1F00C39726 /* SceneDelegate.swift in Sources */,
				9FFBCA5424C83A7600C39726 /* OnboardingCollectionViewCell.swift in Sources */,
			);
			runOnlyForDeploymentPostprocessing = 0;
		};
/* End PBXSourcesBuildPhase section */

/* Begin PBXVariantGroup section */
		9FFBCA3D24C82F1F00C39726 /* Main.storyboard */ = {
			isa = PBXVariantGroup;
			children = (
				9FFBCA3E24C82F1F00C39726 /* Base */,
			);
			name = Main.storyboard;
			sourceTree = "<group>";
		};
		9FFBCA4224C82F2000C39726 /* LaunchScreen.storyboard */ = {
			isa = PBXVariantGroup;
			children = (
				9FFBCA4324C82F2000C39726 /* Base */,
			);
			name = LaunchScreen.storyboard;
			sourceTree = "<group>";
		};
/* End PBXVariantGroup section */

/* Begin XCBuildConfiguration section */
		9FFBCA4624C82F2000C39726 /* Debug */ = {
			isa = XCBuildConfiguration;
			buildSettings = {
				ALWAYS_SEARCH_USER_PATHS = NO;
				CLANG_ANALYZER_NONNULL = YES;
				CLANG_ANALYZER_NUMBER_OBJECT_CONVERSION = YES_AGGRESSIVE;
				CLANG_CXX_LANGUAGE_STANDARD = "gnu++14";
				CLANG_CXX_LIBRARY = "libc++";
				CLANG_ENABLE_MODULES = YES;
				CLANG_ENABLE_OBJC_ARC = YES;
				CLANG_ENABLE_OBJC_WEAK = YES;
				CLANG_WARN_BLOCK_CAPTURE_AUTORELEASING = YES;
				CLANG_WARN_BOOL_CONVERSION = YES;
				CLANG_WARN_COMMA = YES;
				CLANG_WARN_CONSTANT_CONVERSION = YES;
				CLANG_WARN_DEPRECATED_OBJC_IMPLEMENTATIONS = YES;
				CLANG_WARN_DIRECT_OBJC_ISA_USAGE = YES_ERROR;
				CLANG_WARN_DOCUMENTATION_COMMENTS = YES;
				CLANG_WARN_EMPTY_BODY = YES;
				CLANG_WARN_ENUM_CONVERSION = YES;
				CLANG_WARN_INFINITE_RECURSION = YES;
				CLANG_WARN_INT_CONVERSION = YES;
				CLANG_WARN_NON_LITERAL_NULL_CONVERSION = YES;
				CLANG_WARN_OBJC_IMPLICIT_RETAIN_SELF = YES;
				CLANG_WARN_OBJC_LITERAL_CONVERSION = YES;
				CLANG_WARN_OBJC_ROOT_CLASS = YES_ERROR;
				CLANG_WARN_RANGE_LOOP_ANALYSIS = YES;
				CLANG_WARN_STRICT_PROTOTYPES = YES;
				CLANG_WARN_SUSPICIOUS_MOVE = YES;
				CLANG_WARN_UNGUARDED_AVAILABILITY = YES_AGGRESSIVE;
				CLANG_WARN_UNREACHABLE_CODE = YES;
				CLANG_WARN__DUPLICATE_METHOD_MATCH = YES;
				COPY_PHASE_STRIP = NO;
				DEBUG_INFORMATION_FORMAT = dwarf;
				ENABLE_STRICT_OBJC_MSGSEND = YES;
				ENABLE_TESTABILITY = YES;
				GCC_C_LANGUAGE_STANDARD = gnu11;
				GCC_DYNAMIC_NO_PIC = NO;
				GCC_NO_COMMON_BLOCKS = YES;
				GCC_OPTIMIZATION_LEVEL = 0;
				GCC_PREPROCESSOR_DEFINITIONS = (
					"DEBUG=1",
					"$(inherited)",
				);
				GCC_WARN_64_TO_32_BIT_CONVERSION = YES;
				GCC_WARN_ABOUT_RETURN_TYPE = YES_ERROR;
				GCC_WARN_UNDECLARED_SELECTOR = YES;
				GCC_WARN_UNINITIALIZED_AUTOS = YES_AGGRESSIVE;
				GCC_WARN_UNUSED_FUNCTION = YES;
				GCC_WARN_UNUSED_VARIABLE = YES;
				IPHONEOS_DEPLOYMENT_TARGET = 13.4;
				MTL_ENABLE_DEBUG_INFO = INCLUDE_SOURCE;
				MTL_FAST_MATH = YES;
				ONLY_ACTIVE_ARCH = YES;
				SDKROOT = iphoneos;
				SWIFT_ACTIVE_COMPILATION_CONDITIONS = DEBUG;
				SWIFT_OPTIMIZATION_LEVEL = "-Onone";
			};
			name = Debug;
		};
		9FFBCA4724C82F2000C39726 /* Release */ = {
			isa = XCBuildConfiguration;
			buildSettings = {
				ALWAYS_SEARCH_USER_PATHS = NO;
				CLANG_ANALYZER_NONNULL = YES;
				CLANG_ANALYZER_NUMBER_OBJECT_CONVERSION = YES_AGGRESSIVE;
				CLANG_CXX_LANGUAGE_STANDARD = "gnu++14";
				CLANG_CXX_LIBRARY = "libc++";
				CLANG_ENABLE_MODULES = YES;
				CLANG_ENABLE_OBJC_ARC = YES;
				CLANG_ENABLE_OBJC_WEAK = YES;
				CLANG_WARN_BLOCK_CAPTURE_AUTORELEASING = YES;
				CLANG_WARN_BOOL_CONVERSION = YES;
				CLANG_WARN_COMMA = YES;
				CLANG_WARN_CONSTANT_CONVERSION = YES;
				CLANG_WARN_DEPRECATED_OBJC_IMPLEMENTATIONS = YES;
				CLANG_WARN_DIRECT_OBJC_ISA_USAGE = YES_ERROR;
				CLANG_WARN_DOCUMENTATION_COMMENTS = YES;
				CLANG_WARN_EMPTY_BODY = YES;
				CLANG_WARN_ENUM_CONVERSION = YES;
				CLANG_WARN_INFINITE_RECURSION = YES;
				CLANG_WARN_INT_CONVERSION = YES;
				CLANG_WARN_NON_LITERAL_NULL_CONVERSION = YES;
				CLANG_WARN_OBJC_IMPLICIT_RETAIN_SELF = YES;
				CLANG_WARN_OBJC_LITERAL_CONVERSION = YES;
				CLANG_WARN_OBJC_ROOT_CLASS = YES_ERROR;
				CLANG_WARN_RANGE_LOOP_ANALYSIS = YES;
				CLANG_WARN_STRICT_PROTOTYPES = YES;
				CLANG_WARN_SUSPICIOUS_MOVE = YES;
				CLANG_WARN_UNGUARDED_AVAILABILITY = YES_AGGRESSIVE;
				CLANG_WARN_UNREACHABLE_CODE = YES;
				CLANG_WARN__DUPLICATE_METHOD_MATCH = YES;
				COPY_PHASE_STRIP = NO;
				DEBUG_INFORMATION_FORMAT = "dwarf-with-dsym";
				ENABLE_NS_ASSERTIONS = NO;
				ENABLE_STRICT_OBJC_MSGSEND = YES;
				GCC_C_LANGUAGE_STANDARD = gnu11;
				GCC_NO_COMMON_BLOCKS = YES;
				GCC_WARN_64_TO_32_BIT_CONVERSION = YES;
				GCC_WARN_ABOUT_RETURN_TYPE = YES_ERROR;
				GCC_WARN_UNDECLARED_SELECTOR = YES;
				GCC_WARN_UNINITIALIZED_AUTOS = YES_AGGRESSIVE;
				GCC_WARN_UNUSED_FUNCTION = YES;
				GCC_WARN_UNUSED_VARIABLE = YES;
				IPHONEOS_DEPLOYMENT_TARGET = 13.4;
				MTL_ENABLE_DEBUG_INFO = NO;
				MTL_FAST_MATH = YES;
				SDKROOT = iphoneos;
				SWIFT_COMPILATION_MODE = wholemodule;
				SWIFT_OPTIMIZATION_LEVEL = "-O";
				VALIDATE_PRODUCT = YES;
			};
			name = Release;
		};
		9FFBCA4924C82F2000C39726 /* Debug */ = {
			isa = XCBuildConfiguration;
			baseConfigurationReference = CA126975D08DF75615433B62 /* Pods-Onboarding.debug.xcconfig */;
			buildSettings = {
				ASSETCATALOG_COMPILER_APPICON_NAME = AppIcon;
				CODE_SIGN_STYLE = Automatic;
				DEVELOPMENT_TEAM = HVYSP87QNK;
				INFOPLIST_FILE = Onboarding/Info.plist;
				LD_RUNPATH_SEARCH_PATHS = (
					"$(inherited)",
					"@executable_path/Frameworks",
				);
				PRODUCT_BUNDLE_IDENTIFIER = Akhadjon.Onboarding;
				PRODUCT_NAME = "$(TARGET_NAME)";
				SWIFT_VERSION = 5.0;
				TARGETED_DEVICE_FAMILY = "1,2";
			};
			name = Debug;
		};
		9FFBCA4A24C82F2000C39726 /* Release */ = {
			isa = XCBuildConfiguration;
			baseConfigurationReference = B63A7E2BA6F30DC356694899 /* Pods-Onboarding.release.xcconfig */;
			buildSettings = {
				ASSETCATALOG_COMPILER_APPICON_NAME = AppIcon;
				CODE_SIGN_STYLE = Automatic;
				DEVELOPMENT_TEAM = HVYSP87QNK;
				INFOPLIST_FILE = Onboarding/Info.plist;
				LD_RUNPATH_SEARCH_PATHS = (
					"$(inherited)",
					"@executable_path/Frameworks",
				);
				PRODUCT_BUNDLE_IDENTIFIER = Akhadjon.Onboarding;
				PRODUCT_NAME = "$(TARGET_NAME)";
				SWIFT_VERSION = 5.0;
				TARGETED_DEVICE_FAMILY = "1,2";
			};
			name = Release;
		};
/* End XCBuildConfiguration section */

/* Begin XCConfigurationList section */
		9FFBCA2F24C82F1F00C39726 /* Build configuration list for PBXProject "Onboarding" */ = {
			isa = XCConfigurationList;
			buildConfigurations = (
				9FFBCA4624C82F2000C39726 /* Debug */,
				9FFBCA4724C82F2000C39726 /* Release */,
			);
			defaultConfigurationIsVisible = 0;
			defaultConfigurationName = Release;
		};
		9FFBCA4824C82F2000C39726 /* Build configuration list for PBXNativeTarget "Onboarding" */ = {
			isa = XCConfigurationList;
			buildConfigurations = (
				9FFBCA4924C82F2000C39726 /* Debug */,
				9FFBCA4A24C82F2000C39726 /* Release */,
			);
			defaultConfigurationIsVisible = 0;
			defaultConfigurationName = Release;
		};
/* End XCConfigurationList section */
	};
	rootObject = 9FFBCA2C24C82F1F00C39726 /* Project object */;
}
